<?xml version="1.0" encoding="UTF-8" standalone="yes" ?>
<CodeBlocks_project_file>
	<FileVersion major="1" minor="6" />
	<Project>
		<Option title="esizon" />
		<Option pch_mode="2" />
		<Option compiler="gcc" />
		<Build>
			<Target title="Debug">
				<Option output="bin/Debug/esizon" prefix_auto="1" extension_auto="1" />
				<Option object_output="obj/Debug/" />
				<Option type="1" />
				<Option compiler="gcc" />
				<Compiler>
					<Add option="-g" />
				</Compiler>
			</Target>
			<Target title="Release">
				<Option output="bin/Release/esizon" prefix_auto="1" extension_auto="1" />
				<Option object_output="obj/Release/" />
				<Option type="1" />
				<Option compiler="gcc" />
				<Compiler>
					<Add option="-O2" />
				</Compiler>
				<Linker>
					<Add option="-s" />
				</Linker>
			</Target>
		</Build>
		<Compiler>
			<Add option="-Wall" />
		</Compiler>
		<Unit filename="adminprov.c">
			<Option compilerVar="CC" />
		</Unit>
		<Unit filename="adminprov.h" />
		<Unit filename="categorias.c">
			<Option compilerVar="CC" />
		</Unit>
		<Unit filename="categorias.h" />
		<Unit filename="clientes.c">
			<Option compilerVar="CC" />
		</Unit>
		<Unit filename="clientes.h" />
		<Unit filename="descuentos.c">
			<Option compilerVar="CC" />
		</Unit>
		<Unit filename="descuentos.h" />
		<Unit filename="devoluciones.c">
			<Option compilerVar="CC" />
		</Unit>
		<Unit filename="devoluciones.h" />
		<Unit filename="lectura.c">
			<Option compilerVar="CC" />
		</Unit>
		<Unit filename="lectura.h" />
		<Unit filename="lockers.c">
			<Option compilerVar="CC" />
		</Unit>
		<Unit filename="lockers.h" />
		<Unit filename="main.c">
			<Option compilerVar="CC" />
		</Unit>
		<Unit filename="menus.c">
			<Option compilerVar="CC" />
		</Unit>
		<Unit filename="menus.h" />
		<Unit filename="pedidos.c">
			<Option compilerVar="CC" />
		</Unit>
		<Unit filename="pedidos.h" />
		<Unit filename="productos.c">
			<Option compilerVar="CC" />
		</Unit>
		<Unit filename="productos.h" />
		<Unit filename="transportistas.c">
			<Option compilerVar="CC" />
		</Unit>
		<Unit filename="transportistas.h" />
		<Extensions />
	</Project>
</CodeBlocks_project_file>
